// !$*UTF8*$!
{
	archiveVersion = 1;
	classes = {
	};
	objectVersion = 46;
	objects = {

/* Begin PBXBuildFile section */
		FAF01F2315646B730018FB18 /* UIKit.framework in Frameworks */ = {isa = PBXBuildFile; fileRef = FAF01F2215646B730018FB18 /* UIKit.framework */; };
		FAF01F2515646B730018FB18 /* Foundation.framework in Frameworks */ = {isa = PBXBuildFile; fileRef = FAF01F2415646B730018FB18 /* Foundation.framework */; };
		FAF01F2715646B730018FB18 /* CoreGraphics.framework in Frameworks */ = {isa = PBXBuildFile; fileRef = FAF01F2615646B730018FB18 /* CoreGraphics.framework */; };
		FAF01F2D15646B730018FB18 /* InfoPlist.strings in Resources */ = {isa = PBXBuildFile; fileRef = FAF01F2B15646B730018FB18 /* InfoPlist.strings */; };
		FAF01F2F15646B730018FB18 /* main.m in Sources */ = {isa = PBXBuildFile; fileRef = FAF01F2E15646B730018FB18 /* main.m */; };
		FAF01F3315646B730018FB18 /* T4AppDelegate.m in Sources */ = {isa = PBXBuildFile; fileRef = FAF01F3215646B730018FB18 /* T4AppDelegate.m */; };
		FAF01F3615646B730018FB18 /* MainStoryboard.storyboard in Resources */ = {isa = PBXBuildFile; fileRef = FAF01F3415646B730018FB18 /* MainStoryboard.storyboard */; };
		FAF01F3915646B730018FB18 /* T4ViewController.m in Sources */ = {isa = PBXBuildFile; fileRef = FAF01F3815646B730018FB18 /* T4ViewController.m */; };
		FAF01F4015646B970018FB18 /* Notes in Resources */ = {isa = PBXBuildFile; fileRef = FAF01F3F15646B970018FB18 /* Notes */; };
		FAF01F5015646BCA0018FB18 /* BusOrig.png in Resources */ = {isa = PBXBuildFile; fileRef = FAF01F4615646BCA0018FB18 /* BusOrig.png */; };
		FAF01F5115646BCA0018FB18 /* Dispatch.png in Resources */ = {isa = PBXBuildFile; fileRef = FAF01F4715646BCA0018FB18 /* Dispatch.png */; };
		FAF01F5215646BCA0018FB18 /* Dispatch@2x.png in Resources */ = {isa = PBXBuildFile; fileRef = FAF01F4815646BCA0018FB18 /* Dispatch@2x.png */; };
		FAF01F5315646BCA0018FB18 /* elipsis.png in Resources */ = {isa = PBXBuildFile; fileRef = FAF01F4915646BCA0018FB18 /* elipsis.png */; };
		FAF01F5415646BCA0018FB18 /* elipsis@2x.png in Resources */ = {isa = PBXBuildFile; fileRef = FAF01F4A15646BCA0018FB18 /* elipsis@2x.png */; };
		FAF01F5515646BCA0018FB18 /* icon_warning.png in Resources */ = {isa = PBXBuildFile; fileRef = FAF01F4B15646BCA0018FB18 /* icon_warning.png */; };
		FAF01F5615646BCA0018FB18 /* LargeMap.pdf in Resources */ = {isa = PBXBuildFile; fileRef = FAF01F4C15646BCA0018FB18 /* LargeMap.pdf */; };
		FAF01F5715646BCA0018FB18 /* locationOrig.png in Resources */ = {isa = PBXBuildFile; fileRef = FAF01F4D15646BCA0018FB18 /* locationOrig.png */; };
		FAF01F5815646BCA0018FB18 /* SmallMap.gif in Resources */ = {isa = PBXBuildFile; fileRef = FAF01F4E15646BCA0018FB18 /* SmallMap.gif */; };
		FAF01F5915646BCA0018FB18 /* TravellerLogo.jpg in Resources */ = {isa = PBXBuildFile; fileRef = FAF01F4F15646BCA0018FB18 /* TravellerLogo.jpg */; };
/* End PBXBuildFile section */

/* Begin PBXFileReference section */
		FAF01F1E15646B730018FB18 /* Traveller4.app */ = {isa = PBXFileReference; explicitFileType = wrapper.application; includeInIndex = 0; path = Traveller4.app; sourceTree = BUILT_PRODUCTS_DIR; };
		FAF01F2215646B730018FB18 /* UIKit.framework */ = {isa = PBXFileReference; lastKnownFileType = wrapper.framework; name = UIKit.framework; path = System/Library/Frameworks/UIKit.framework; sourceTree = SDKROOT; };
		FAF01F2415646B730018FB18 /* Foundation.framework */ = {isa = PBXFileReference; lastKnownFileType = wrapper.framework; name = Foundation.framework; path = System/Library/Frameworks/Foundation.framework; sourceTree = SDKROOT; };
		FAF01F2615646B730018FB18 /* CoreGraphics.framework */ = {isa = PBXFileReference; lastKnownFileType = wrapper.framework; name = CoreGraphics.framework; path = System/Library/Frameworks/CoreGraphics.framework; sourceTree = SDKROOT; };
		FAF01F2A15646B730018FB18 /* Traveller4-Info.plist */ = {isa = PBXFileReference; lastKnownFileType = text.plist.xml; path = "Traveller4-Info.plist"; sourceTree = "<group>"; };
		FAF01F2C15646B730018FB18 /* en */ = {isa = PBXFileReference; lastKnownFileType = text.plist.strings; name = en; path = en.lproj/InfoPlist.strings; sourceTree = "<group>"; };
		FAF01F2E15646B730018FB18 /* main.m */ = {isa = PBXFileReference; lastKnownFileType = sourcecode.c.objc; path = main.m; sourceTree = "<group>"; };
		FAF01F3015646B730018FB18 /* Traveller4-Prefix.pch */ = {isa = PBXFileReference; lastKnownFileType = sourcecode.c.h; path = "Traveller4-Prefix.pch"; sourceTree = "<group>"; };
		FAF01F3115646B730018FB18 /* T4AppDelegate.h */ = {isa = PBXFileReference; lastKnownFileType = sourcecode.c.h; path = T4AppDelegate.h; sourceTree = "<group>"; };
		FAF01F3215646B730018FB18 /* T4AppDelegate.m */ = {isa = PBXFileReference; lastKnownFileType = sourcecode.c.objc; path = T4AppDelegate.m; sourceTree = "<group>"; };
		FAF01F3515646B730018FB18 /* en */ = {isa = PBXFileReference; lastKnownFileType = file.storyboard; name = en; path = en.lproj/MainStoryboard.storyboard; sourceTree = "<group>"; };
		FAF01F3715646B730018FB18 /* T4ViewController.h */ = {isa = PBXFileReference; lastKnownFileType = sourcecode.c.h; path = T4ViewController.h; sourceTree = "<group>"; };
		FAF01F3815646B730018FB18 /* T4ViewController.m */ = {isa = PBXFileReference; lastKnownFileType = sourcecode.c.objc; path = T4ViewController.m; sourceTree = "<group>"; };
		FAF01F3F15646B970018FB18 /* Notes */ = {isa = PBXFileReference; fileEncoding = 4; lastKnownFileType = text; path = Notes; sourceTree = "<group>"; };
		FAF01F4615646BCA0018FB18 /* BusOrig.png */ = {isa = PBXFileReference; lastKnownFileType = image.png; path = BusOrig.png; sourceTree = "<group>"; };
		FAF01F4715646BCA0018FB18 /* Dispatch.png */ = {isa = PBXFileReference; lastKnownFileType = image.png; path = Dispatch.png; sourceTree = "<group>"; };
		FAF01F4815646BCA0018FB18 /* Dispatch@2x.png */ = {isa = PBXFileReference; lastKnownFileType = image.png; path = "Dispatch@2x.png"; sourceTree = "<group>"; };
		FAF01F4915646BCA0018FB18 /* elipsis.png */ = {isa = PBXFileReference; lastKnownFileType = image.png; path = elipsis.png; sourceTree = "<group>"; };
		FAF01F4A15646BCA0018FB18 /* elipsis@2x.png */ = {isa = PBXFileReference; lastKnownFileType = image.png; path = "elipsis@2x.png"; sourceTree = "<group>"; };
		FAF01F4B15646BCA0018FB18 /* icon_warning.png */ = {isa = PBXFileReference; lastKnownFileType = image.png; path = icon_warning.png; sourceTree = "<group>"; };
		FAF01F4C15646BCA0018FB18 /* LargeMap.pdf */ = {isa = PBXFileReference; lastKnownFileType = image.pdf; path = LargeMap.pdf; sourceTree = "<group>"; };
		FAF01F4D15646BCA0018FB18 /* locationOrig.png */ = {isa = PBXFileReference; lastKnownFileType = image.png; path = locationOrig.png; sourceTree = "<group>"; };
		FAF01F4E15646BCA0018FB18 /* SmallMap.gif */ = {isa = PBXFileReference; lastKnownFileType = image.gif; path = SmallMap.gif; sourceTree = "<group>"; };
		FAF01F4F15646BCA0018FB18 /* TravellerLogo.jpg */ = {isa = PBXFileReference; lastKnownFileType = image.jpeg; path = TravellerLogo.jpg; sourceTree = "<group>"; };
/* End PBXFileReference section */

/* Begin PBXFrameworksBuildPhase section */
		FAF01F1B15646B730018FB18 /* Frameworks */ = {
			isa = PBXFrameworksBuildPhase;
			buildActionMask = 2147483647;
			files = (
				FAF01F2315646B730018FB18 /* UIKit.framework in Frameworks */,
				FAF01F2515646B730018FB18 /* Foundation.framework in Frameworks */,
				FAF01F2715646B730018FB18 /* CoreGraphics.framework in Frameworks */,
			);
			runOnlyForDeploymentPostprocessing = 0;
		};
/* End PBXFrameworksBuildPhase section */

/* Begin PBXGroup section */
		FAF01F1315646B730018FB18 = {
			isa = PBXGroup;
			children = (
				FAF01F2815646B730018FB18 /* Traveller4 */,
				FAF01F2115646B730018FB18 /* Frameworks */,
				FAF01F1F15646B730018FB18 /* Products */,
			);
			sourceTree = "<group>";
		};
		FAF01F1F15646B730018FB18 /* Products */ = {
			isa = PBXGroup;
			children = (
				FAF01F1E15646B730018FB18 /* Traveller4.app */,
			);
			name = Products;
			sourceTree = "<group>";
		};
		FAF01F2115646B730018FB18 /* Frameworks */ = {
			isa = PBXGroup;
			children = (
				FAF01F2215646B730018FB18 /* UIKit.framework */,
				FAF01F2415646B730018FB18 /* Foundation.framework */,
				FAF01F2615646B730018FB18 /* CoreGraphics.framework */,
			);
			name = Frameworks;
			sourceTree = "<group>";
		};
		FAF01F2815646B730018FB18 /* Traveller4 */ = {
			isa = PBXGroup;
			children = (
				FAF01F4515646BCA0018FB18 /* Traveller Files */,
				FAF01F3115646B730018FB18 /* T4AppDelegate.h */,
				FAF01F3215646B730018FB18 /* T4AppDelegate.m */,
				FAF01F3415646B730018FB18 /* MainStoryboard.storyboard */,
				FAF01F3715646B730018FB18 /* T4ViewController.h */,
				FAF01F3815646B730018FB18 /* T4ViewController.m */,
				FAF01F2915646B730018FB18 /* Supporting Files */,
				FAF01F3F15646B970018FB18 /* Notes */,
			);
			path = Traveller4;
			sourceTree = "<group>";
		};
		FAF01F2915646B730018FB18 /* Supporting Files */ = {
			isa = PBXGroup;
			children = (
				FAF01F2A15646B730018FB18 /* Traveller4-Info.plist */,
				FAF01F2B15646B730018FB18 /* InfoPlist.strings */,
				FAF01F2E15646B730018FB18 /* main.m */,
				FAF01F3015646B730018FB18 /* Traveller4-Prefix.pch */,
			);
			name = "Supporting Files";
			sourceTree = "<group>";
		};
		FAF01F4515646BCA0018FB18 /* Traveller Files */ = {
			isa = PBXGroup;
			children = (
				FAF01F4615646BCA0018FB18 /* BusOrig.png */,
				FAF01F4715646BCA0018FB18 /* Dispatch.png */,
				FAF01F4815646BCA0018FB18 /* Dispatch@2x.png */,
				FAF01F4915646BCA0018FB18 /* elipsis.png */,
				FAF01F4A15646BCA0018FB18 /* elipsis@2x.png */,
				FAF01F4B15646BCA0018FB18 /* icon_warning.png */,
				FAF01F4C15646BCA0018FB18 /* LargeMap.pdf */,
				FAF01F4D15646BCA0018FB18 /* locationOrig.png */,
				FAF01F4E15646BCA0018FB18 /* SmallMap.gif */,
				FAF01F4F15646BCA0018FB18 /* TravellerLogo.jpg */,
			);
			path = "Traveller Files";
			sourceTree = "<group>";
		};
/* End PBXGroup section */

/* Begin PBXNativeTarget section */
		FAF01F1D15646B730018FB18 /* Traveller4 */ = {
			isa = PBXNativeTarget;
			buildConfigurationList = FAF01F3C15646B730018FB18 /* Build configuration list for PBXNativeTarget "Traveller4" */;
			buildPhases = (
				FAF01F1A15646B730018FB18 /* Sources */,
				FAF01F1B15646B730018FB18 /* Frameworks */,
				FAF01F1C15646B730018FB18 /* Resources */,
			);
			buildRules = (
			);
			dependencies = (
			);
			name = Traveller4;
			productName = Traveller4;
			productReference = FAF01F1E15646B730018FB18 /* Traveller4.app */;
			productType = "com.apple.product-type.application";
		};
/* End PBXNativeTarget section */

/* Begin PBXProject section */
		FAF01F1515646B730018FB18 /* Project object */ = {
			isa = PBXProject;
			attributes = {
				CLASSPREFIX = T4;
				LastUpgradeCheck = 0430;
			};
			buildConfigurationList = FAF01F1815646B730018FB18 /* Build configuration list for PBXProject "Traveller4" */;
			compatibilityVersion = "Xcode 3.2";
			developmentRegion = English;
			hasScannedForEncodings = 0;
			knownRegions = (
				en,
			);
			mainGroup = FAF01F1315646B730018FB18;
			productRefGroup = FAF01F1F15646B730018FB18 /* Products */;
			projectDirPath = "";
			projectRoot = "";
			targets = (
				FAF01F1D15646B730018FB18 /* Traveller4 */,
			);
		};
/* End PBXProject section */

/* Begin PBXResourcesBuildPhase section */
		FAF01F1C15646B730018FB18 /* Resources */ = {
			isa = PBXResourcesBuildPhase;
			buildActionMask = 2147483647;
			files = (
				FAF01F2D15646B730018FB18 /* InfoPlist.strings in Resources */,
				FAF01F3615646B730018FB18 /* MainStoryboard.storyboard in Resources */,
				FAF01F4015646B970018FB18 /* Notes in Resources */,
				FAF01F5015646BCA0018FB18 /* BusOrig.png in Resources */,
				FAF01F5115646BCA0018FB18 /* Dispatch.png in Resources */,
				FAF01F5215646BCA0018FB18 /* Dispatch@2x.png in Resources */,
				FAF01F5315646BCA0018FB18 /* elipsis.png in Resources */,
				FAF01F5415646BCA0018FB18 /* elipsis@2x.png in Resources */,
				FAF01F5515646BCA0018FB18 /* icon_warning.png in Resources */,
				FAF01F5615646BCA0018FB18 /* LargeMap.pdf in Resources */,
				FAF01F5715646BCA0018FB18 /* locationOrig.png in Resources */,
				FAF01F5815646BCA0018FB18 /* SmallMap.gif in Resources */,
				FAF01F5915646BCA0018FB18 /* TravellerLogo.jpg in Resources */,
			);
			runOnlyForDeploymentPostprocessing = 0;
		};
/* End PBXResourcesBuildPhase section */

/* Begin PBXSourcesBuildPhase section */
		FAF01F1A15646B730018FB18 /* Sources */ = {
			isa = PBXSourcesBuildPhase;
			buildActionMask = 2147483647;
			files = (
				FAF01F2F15646B730018FB18 /* main.m in Sources */,
				FAF01F3315646B730018FB18 /* T4AppDelegate.m in Sources */,
				FAF01F3915646B730018FB18 /* T4ViewController.m in Sources */,
			);
			runOnlyForDeploymentPostprocessing = 0;
		};
/* End PBXSourcesBuildPhase section */

/* Begin PBXVariantGroup section */
		FAF01F2B15646B730018FB18 /* InfoPlist.strings */ = {
			isa = PBXVariantGroup;
			children = (
				FAF01F2C15646B730018FB18 /* en */,
			);
			name = InfoPlist.strings;
			sourceTree = "<group>";
		};
		FAF01F3415646B730018FB18 /* MainStoryboard.storyboard */ = {
			isa = PBXVariantGroup;
			children = (
				FAF01F3515646B730018FB18 /* en */,
			);
			name = MainStoryboard.storyboard;
			sourceTree = "<group>";
		};
/* End PBXVariantGroup section */

/* Begin XCBuildConfiguration section */
		FAF01F3A15646B730018FB18 /* Debug */ = {
			isa = XCBuildConfiguration;
			buildSettings = {
				ALWAYS_SEARCH_USER_PATHS = NO;
				ARCHS = "$(ARCHS_STANDARD_32_BIT)";
				CLANG_ENABLE_OBJC_ARC = YES;
				"CODE_SIGN_IDENTITY[sdk=iphoneos*]" = "iPhone Developer";
				COPY_PHASE_STRIP = NO;
				GCC_C_LANGUAGE_STANDARD = gnu99;
				GCC_DYNAMIC_NO_PIC = NO;
				GCC_OPTIMIZATION_LEVEL = 0;
				GCC_PREPROCESSOR_DEFINITIONS = (
					"DEBUG=1",
					"$(inherited)",
				);
				GCC_SYMBOLS_PRIVATE_EXTERN = NO;
				GCC_VERSION = com.apple.compilers.llvm.clang.1_0;
				GCC_WARN_ABOUT_RETURN_TYPE = YES;
				GCC_WARN_UNINITIALIZED_AUTOS = YES;
				GCC_WARN_UNUSED_VARIABLE = YES;
				IPHONEOS_DEPLOYMENT_TARGET = 5.1;
				SDKROOT = iphoneos;
			};
			name = Debug;
		};
		FAF01F3B15646B730018FB18 /* Release */ = {
			isa = XCBuildConfiguration;
			buildSettings = {
				ALWAYS_SEARCH_USER_PATHS = NO;
				ARCHS = "$(ARCHS_STANDARD_32_BIT)";
				CLANG_ENABLE_OBJC_ARC = YES;
				"CODE_SIGN_IDENTITY[sdk=iphoneos*]" = "iPhone Developer";
				COPY_PHASE_STRIP = YES;
				GCC_C_LANGUAGE_STANDARD = gnu99;
				GCC_VERSION = com.apple.compilers.llvm.clang.1_0;
				GCC_WARN_ABOUT_RETURN_TYPE = YES;
				GCC_WARN_UNINITIALIZED_AUTOS = YES;
				GCC_WARN_UNUSED_VARIABLE = YES;
				IPHONEOS_DEPLOYMENT_TARGET = 5.1;
				OTHER_CFLAGS = "-DNS_BLOCK_ASSERTIONS=1";
				SDKROOT = iphoneos;
				VALIDATE_PRODUCT = YES;
			};
			name = Release;
		};
		FAF01F3D15646B730018FB18 /* Debug */ = {
			isa = XCBuildConfiguration;
			buildSettings = {
				GCC_PRECOMPILE_PREFIX_HEADER = YES;
				GCC_PREFIX_HEADER = "Traveller4/Traveller4-Prefix.pch";
				INFOPLIST_FILE = "Traveller4/Traveller4-Info.plist";
				PRODUCT_NAME = "$(TARGET_NAME)";
				WRAPPER_EXTENSION = app;
			};
			name = Debug;
		};
		FAF01F3E15646B730018FB18 /* Release */ = {
			isa = XCBuildConfiguration;
			buildSettings = {
				GCC_PRECOMPILE_PREFIX_HEADER = YES;
				GCC_PREFIX_HEADER = "Traveller4/Traveller4-Prefix.pch";
				INFOPLIST_FILE = "Traveller4/Traveller4-Info.plist";
				PRODUCT_NAME = "$(TARGET_NAME)";
				WRAPPER_EXTENSION = app;
			};
			name = Release;
		};
/* End XCBuildConfiguration section */

/* Begin XCConfigurationList section */
		FAF01F1815646B730018FB18 /* Build configuration list for PBXProject "Traveller4" */ = {
			isa = XCConfigurationList;
			buildConfigurations = (
				FAF01F3A15646B730018FB18 /* Debug */,
				FAF01F3B15646B730018FB18 /* Release */,
			);
			defaultConfigurationIsVisible = 0;
			defaultConfigurationName = Release;
		};
		FAF01F3C15646B730018FB18 /* Build configuration list for PBXNativeTarget "Traveller4" */ = {
			isa = XCConfigurationList;
			buildConfigurations = (
				FAF01F3D15646B730018FB18 /* Debug */,
				FAF01F3E15646B730018FB18 /* Release */,
			);
			defaultConfigurationIsVisible = 0;
		};
/* End XCConfigurationList section */
	};
	rootObject = FAF01F1515646B730018FB18 /* Project object */;
}
