// !$*UTF8*$!
{
	archiveVersion = 1;
	classes = {
	};
	objectVersion = 46;
	objects = {

/* Begin PBXBuildFile section */
		682138951565CCCF004172E8 /* T5SettingsViewController.m in Sources */ = {isa = PBXBuildFile; fileRef = FA0A80211565B37F00EAB2EC /* T5SettingsViewController.m */; };
		68CC86201565BA8C009C9142 /* T5GPSquery.m in Sources */ = {isa = PBXBuildFile; fileRef = 68EE1A5E1564A2F400CAEAFA /* T5GPSquery.m */; };
		68CC86221565BAA1009C9142 /* T5ViewController.m in Sources */ = {isa = PBXBuildFile; fileRef = FAF01F80156474890018FB18 /* T5ViewController.m */; };
		68CC86231565BAD4009C9142 /* XPathQuery.m in Sources */ = {isa = PBXBuildFile; fileRef = 68EE1A621564A4A400CAEAFA /* XPathQuery.m */; };
		68CC86241565BB1E009C9142 /* libxml2.dylib in Frameworks */ = {isa = PBXBuildFile; fileRef = 68EE1A651564A55700CAEAFA /* libxml2.dylib */; };
		68CC86291565BD2D009C9142 /* MessageUI.framework in Frameworks */ = {isa = PBXBuildFile; fileRef = FAF01FAC15647A020018FB18 /* MessageUI.framework */; };
		68CC862A1565BD45009C9142 /* MapKit.framework in Frameworks */ = {isa = PBXBuildFile; fileRef = FAF01FA71564755B0018FB18 /* MapKit.framework */; };
		68CC862B1565BD61009C9142 /* CoreLocation.framework in Frameworks */ = {isa = PBXBuildFile; fileRef = FAF01FA5156475550018FB18 /* CoreLocation.framework */; };
		68CC862C1565BD75009C9142 /* CoreGraphics.framework in Frameworks */ = {isa = PBXBuildFile; fileRef = FAF01F71156474890018FB18 /* CoreGraphics.framework */; };
		68CC862D1565BE05009C9142 /* T5SimpleAnnotation.m in Sources */ = {isa = PBXBuildFile; fileRef = FA0A7FFF156557FA00EAB2EC /* T5SimpleAnnotation.m */; };
		68CC862E1565BE05009C9142 /* T5InfoViewController.m in Sources */ = {isa = PBXBuildFile; fileRef = FAF01FAF15647EB80018FB18 /* T5InfoViewController.m */; };
		68CC862F1565BE05009C9142 /* T5WebViewController.m in Sources */ = {isa = PBXBuildFile; fileRef = FAF01FC41564997B0018FB18 /* T5WebViewController.m */; };
		68CC86301565BF1F009C9142 /* T5ViewController.xib in Resources */ = {isa = PBXBuildFile; fileRef = FAF01F82156474890018FB18 /* T5ViewController.xib */; };
		68CC86311565BF1F009C9142 /* T5InfoViewController.xib in Resources */ = {isa = PBXBuildFile; fileRef = FAF01FB015647EB80018FB18 /* T5InfoViewController.xib */; };
		68CC86321565BF1F009C9142 /* T5WebViewController.xib in Resources */ = {isa = PBXBuildFile; fileRef = FAF01FC51564997C0018FB18 /* T5WebViewController.xib */; };
		68CC86331565BF1F009C9142 /* route.csv in Resources */ = {isa = PBXBuildFile; fileRef = FA0A801315658E2400EAB2EC /* route.csv */; };
		68CC86341565BF1F009C9142 /* horse_icon.png in Resources */ = {isa = PBXBuildFile; fileRef = FA0A800615655FB100EAB2EC /* horse_icon.png */; };
		68CC86351565BF1F009C9142 /* BusOrig.png in Resources */ = {isa = PBXBuildFile; fileRef = FA0A8002156559CE00EAB2EC /* BusOrig.png */; };
		68CC86361565BF1F009C9142 /* target.png in Resources */ = {isa = PBXBuildFile; fileRef = FA0A7FF2156548DD00EAB2EC /* target.png */; };
		68CC86371565BF1F009C9142 /* TravellerLogo.jpg in Resources */ = {isa = PBXBuildFile; fileRef = FAF01F9A156474B10018FB18 /* TravellerLogo.jpg */; };
		68CC86391565BF1F009C9142 /* InfoPlist.strings in Resources */ = {isa = PBXBuildFile; fileRef = FAF01F76156474890018FB18 /* InfoPlist.strings */; };
		68EE1A5F1564A2F400CAEAFA /* T5GPSquery.m in Sources */ = {isa = PBXBuildFile; fileRef = 68EE1A5E1564A2F400CAEAFA /* T5GPSquery.m */; };
		68EE1A631564A4A400CAEAFA /* XPathQuery.m in Sources */ = {isa = PBXBuildFile; fileRef = 68EE1A621564A4A400CAEAFA /* XPathQuery.m */; };
		68EE1A661564A55700CAEAFA /* libxml2.dylib in Frameworks */ = {isa = PBXBuildFile; fileRef = 68EE1A651564A55700CAEAFA /* libxml2.dylib */; };
		68EE1AA31565B6FF00CAEAFA /* SenTestingKit.framework in Frameworks */ = {isa = PBXBuildFile; fileRef = 68EE1AA21565B6FF00CAEAFA /* SenTestingKit.framework */; };
		68EE1AA41565B6FF00CAEAFA /* UIKit.framework in Frameworks */ = {isa = PBXBuildFile; fileRef = FAF01F6D156474890018FB18 /* UIKit.framework */; };
		68EE1AA51565B6FF00CAEAFA /* Foundation.framework in Frameworks */ = {isa = PBXBuildFile; fileRef = FAF01F6F156474890018FB18 /* Foundation.framework */; };
		68EE1AAE1565B6FF00CAEAFA /* TestTraveller5.m in Sources */ = {isa = PBXBuildFile; fileRef = 68EE1AAD1565B6FF00CAEAFA /* TestTraveller5.m */; };
		FA0A7FF3156548DE00EAB2EC /* target.png in Resources */ = {isa = PBXBuildFile; fileRef = FA0A7FF2156548DD00EAB2EC /* target.png */; };
		FA0A8000156557FA00EAB2EC /* T5SimpleAnnotation.m in Sources */ = {isa = PBXBuildFile; fileRef = FA0A7FFF156557FA00EAB2EC /* T5SimpleAnnotation.m */; };
		FA0A8003156559CE00EAB2EC /* BusOrig.png in Resources */ = {isa = PBXBuildFile; fileRef = FA0A8002156559CE00EAB2EC /* BusOrig.png */; };
		FA0A800715655FB100EAB2EC /* horse_icon.png in Resources */ = {isa = PBXBuildFile; fileRef = FA0A800615655FB100EAB2EC /* horse_icon.png */; };
		FA0A801415658E2500EAB2EC /* route.csv in Resources */ = {isa = PBXBuildFile; fileRef = FA0A801315658E2400EAB2EC /* route.csv */; };
		FA0A80231565B38000EAB2EC /* T5SettingsViewController.m in Sources */ = {isa = PBXBuildFile; fileRef = FA0A80211565B37F00EAB2EC /* T5SettingsViewController.m */; };
		FA0A80241565B38000EAB2EC /* T5SettingsViewController.xib in Resources */ = {isa = PBXBuildFile; fileRef = FA0A80221565B37F00EAB2EC /* T5SettingsViewController.xib */; };
		FA0A80341565CB0800EAB2EC /* Refresh.png in Resources */ = {isa = PBXBuildFile; fileRef = FA0A80331565CB0800EAB2EC /* Refresh.png */; };
		FAF01F6E156474890018FB18 /* UIKit.framework in Frameworks */ = {isa = PBXBuildFile; fileRef = FAF01F6D156474890018FB18 /* UIKit.framework */; };
		FAF01F70156474890018FB18 /* Foundation.framework in Frameworks */ = {isa = PBXBuildFile; fileRef = FAF01F6F156474890018FB18 /* Foundation.framework */; };
		FAF01F72156474890018FB18 /* CoreGraphics.framework in Frameworks */ = {isa = PBXBuildFile; fileRef = FAF01F71156474890018FB18 /* CoreGraphics.framework */; };
		FAF01F78156474890018FB18 /* InfoPlist.strings in Resources */ = {isa = PBXBuildFile; fileRef = FAF01F76156474890018FB18 /* InfoPlist.strings */; };
		FAF01F7A156474890018FB18 /* main.m in Sources */ = {isa = PBXBuildFile; fileRef = FAF01F79156474890018FB18 /* main.m */; };
		FAF01F7E156474890018FB18 /* T5AppDelegate.m in Sources */ = {isa = PBXBuildFile; fileRef = FAF01F7D156474890018FB18 /* T5AppDelegate.m */; };
		FAF01F81156474890018FB18 /* T5ViewController.m in Sources */ = {isa = PBXBuildFile; fileRef = FAF01F80156474890018FB18 /* T5ViewController.m */; };
		FAF01F84156474890018FB18 /* T5ViewController.xib in Resources */ = {isa = PBXBuildFile; fileRef = FAF01F82156474890018FB18 /* T5ViewController.xib */; };
		FAF01F8F1564749F0018FB18 /* Notes in Resources */ = {isa = PBXBuildFile; fileRef = FAF01F8E1564749F0018FB18 /* Notes */; };
		FAF01FA4156474B10018FB18 /* TravellerLogo.jpg in Resources */ = {isa = PBXBuildFile; fileRef = FAF01F9A156474B10018FB18 /* TravellerLogo.jpg */; };
		FAF01FA6156475550018FB18 /* CoreLocation.framework in Frameworks */ = {isa = PBXBuildFile; fileRef = FAF01FA5156475550018FB18 /* CoreLocation.framework */; };
		FAF01FA81564755B0018FB18 /* MapKit.framework in Frameworks */ = {isa = PBXBuildFile; fileRef = FAF01FA71564755B0018FB18 /* MapKit.framework */; };
		FAF01FAD15647A020018FB18 /* MessageUI.framework in Frameworks */ = {isa = PBXBuildFile; fileRef = FAF01FAC15647A020018FB18 /* MessageUI.framework */; };
		FAF01FB115647EB80018FB18 /* T5InfoViewController.m in Sources */ = {isa = PBXBuildFile; fileRef = FAF01FAF15647EB80018FB18 /* T5InfoViewController.m */; };
		FAF01FB215647EB80018FB18 /* T5InfoViewController.xib in Resources */ = {isa = PBXBuildFile; fileRef = FAF01FB015647EB80018FB18 /* T5InfoViewController.xib */; };
		FAF01FC61564997C0018FB18 /* T5WebViewController.m in Sources */ = {isa = PBXBuildFile; fileRef = FAF01FC41564997B0018FB18 /* T5WebViewController.m */; };
		FAF01FC71564997C0018FB18 /* T5WebViewController.xib in Resources */ = {isa = PBXBuildFile; fileRef = FAF01FC51564997C0018FB18 /* T5WebViewController.xib */; };
/* End PBXBuildFile section */

/* Begin PBXFileReference section */
		68EE1A5D1564A2F400CAEAFA /* T5GPSquery.h */ = {isa = PBXFileReference; fileEncoding = 4; lastKnownFileType = sourcecode.c.h; path = T5GPSquery.h; sourceTree = "<group>"; };
		68EE1A5E1564A2F400CAEAFA /* T5GPSquery.m */ = {isa = PBXFileReference; fileEncoding = 4; lastKnownFileType = sourcecode.c.objc; path = T5GPSquery.m; sourceTree = "<group>"; };
		68EE1A611564A4A400CAEAFA /* XPathQuery.h */ = {isa = PBXFileReference; fileEncoding = 4; lastKnownFileType = sourcecode.c.h; path = XPathQuery.h; sourceTree = "<group>"; };
		68EE1A621564A4A400CAEAFA /* XPathQuery.m */ = {isa = PBXFileReference; fileEncoding = 4; lastKnownFileType = sourcecode.c.objc; path = XPathQuery.m; sourceTree = "<group>"; };
		68EE1A651564A55700CAEAFA /* libxml2.dylib */ = {isa = PBXFileReference; lastKnownFileType = "compiled.mach-o.dylib"; name = libxml2.dylib; path = usr/lib/libxml2.dylib; sourceTree = SDKROOT; };
		68EE1A6B15654F6E00CAEAFA /* StationGPSLocations.txt */ = {isa = PBXFileReference; lastKnownFileType = text; path = StationGPSLocations.txt; sourceTree = "<group>"; };
		68EE1AA11565B6FF00CAEAFA /* TestTraveller5.octest */ = {isa = PBXFileReference; explicitFileType = wrapper.cfbundle; includeInIndex = 0; path = TestTraveller5.octest; sourceTree = BUILT_PRODUCTS_DIR; };
		68EE1AA21565B6FF00CAEAFA /* SenTestingKit.framework */ = {isa = PBXFileReference; lastKnownFileType = wrapper.framework; name = SenTestingKit.framework; path = Library/Frameworks/SenTestingKit.framework; sourceTree = DEVELOPER_DIR; };
		68EE1AA81565B6FF00CAEAFA /* TestTraveller5-Info.plist */ = {isa = PBXFileReference; lastKnownFileType = text.plist.xml; path = "TestTraveller5-Info.plist"; sourceTree = "<group>"; };
		68EE1AAA1565B6FF00CAEAFA /* en */ = {isa = PBXFileReference; lastKnownFileType = text.plist.strings; name = en; path = en.lproj/InfoPlist.strings; sourceTree = "<group>"; };
		68EE1AAC1565B6FF00CAEAFA /* TestTraveller5.h */ = {isa = PBXFileReference; lastKnownFileType = sourcecode.c.h; path = TestTraveller5.h; sourceTree = "<group>"; };
		68EE1AAD1565B6FF00CAEAFA /* TestTraveller5.m */ = {isa = PBXFileReference; lastKnownFileType = sourcecode.c.objc; path = TestTraveller5.m; sourceTree = "<group>"; };
		68EE1AAF1565B6FF00CAEAFA /* TestTraveller5-Prefix.pch */ = {isa = PBXFileReference; lastKnownFileType = sourcecode.c.h; path = "TestTraveller5-Prefix.pch"; sourceTree = "<group>"; };
		FA0A7FF2156548DD00EAB2EC /* target.png */ = {isa = PBXFileReference; lastKnownFileType = image.png; name = target.png; path = ../target.png; sourceTree = "<group>"; };
		FA0A7FFE156557FA00EAB2EC /* T5SimpleAnnotation.h */ = {isa = PBXFileReference; fileEncoding = 4; lastKnownFileType = sourcecode.c.h; path = T5SimpleAnnotation.h; sourceTree = "<group>"; };
		FA0A7FFF156557FA00EAB2EC /* T5SimpleAnnotation.m */ = {isa = PBXFileReference; fileEncoding = 4; lastKnownFileType = sourcecode.c.objc; path = T5SimpleAnnotation.m; sourceTree = "<group>"; };
		FA0A8002156559CE00EAB2EC /* BusOrig.png */ = {isa = PBXFileReference; lastKnownFileType = image.png; path = BusOrig.png; sourceTree = "<group>"; };
		FA0A800615655FB100EAB2EC /* horse_icon.png */ = {isa = PBXFileReference; lastKnownFileType = image.png; path = horse_icon.png; sourceTree = "<group>"; };
		FA0A801315658E2400EAB2EC /* route.csv */ = {isa = PBXFileReference; fileEncoding = 4; lastKnownFileType = text; name = route.csv; path = Traveller5/route.csv; sourceTree = "<group>"; };
		FA0A80201565B37F00EAB2EC /* T5SettingsViewController.h */ = {isa = PBXFileReference; fileEncoding = 4; lastKnownFileType = sourcecode.c.h; path = T5SettingsViewController.h; sourceTree = "<group>"; };
		FA0A80211565B37F00EAB2EC /* T5SettingsViewController.m */ = {isa = PBXFileReference; fileEncoding = 4; lastKnownFileType = sourcecode.c.objc; path = T5SettingsViewController.m; sourceTree = "<group>"; };
		FA0A80221565B37F00EAB2EC /* T5SettingsViewController.xib */ = {isa = PBXFileReference; fileEncoding = 4; lastKnownFileType = file.xib; path = T5SettingsViewController.xib; sourceTree = "<group>"; };
		FA0A80331565CB0800EAB2EC /* Refresh.png */ = {isa = PBXFileReference; lastKnownFileType = image.png; path = Refresh.png; sourceTree = "<group>"; };
		FAF01F69156474890018FB18 /* Traveller5.app */ = {isa = PBXFileReference; explicitFileType = wrapper.application; includeInIndex = 0; path = Traveller5.app; sourceTree = BUILT_PRODUCTS_DIR; };
		FAF01F6D156474890018FB18 /* UIKit.framework */ = {isa = PBXFileReference; lastKnownFileType = wrapper.framework; name = UIKit.framework; path = System/Library/Frameworks/UIKit.framework; sourceTree = SDKROOT; };
		FAF01F6F156474890018FB18 /* Foundation.framework */ = {isa = PBXFileReference; lastKnownFileType = wrapper.framework; name = Foundation.framework; path = System/Library/Frameworks/Foundation.framework; sourceTree = SDKROOT; };
		FAF01F71156474890018FB18 /* CoreGraphics.framework */ = {isa = PBXFileReference; lastKnownFileType = wrapper.framework; name = CoreGraphics.framework; path = System/Library/Frameworks/CoreGraphics.framework; sourceTree = SDKROOT; };
		FAF01F75156474890018FB18 /* Traveller5-Info.plist */ = {isa = PBXFileReference; lastKnownFileType = text.plist.xml; path = "Traveller5-Info.plist"; sourceTree = "<group>"; };
		FAF01F77156474890018FB18 /* en */ = {isa = PBXFileReference; lastKnownFileType = text.plist.strings; name = en; path = en.lproj/InfoPlist.strings; sourceTree = "<group>"; };
		FAF01F79156474890018FB18 /* main.m */ = {isa = PBXFileReference; lastKnownFileType = sourcecode.c.objc; path = main.m; sourceTree = "<group>"; };
		FAF01F7B156474890018FB18 /* Traveller5-Prefix.pch */ = {isa = PBXFileReference; lastKnownFileType = sourcecode.c.h; path = "Traveller5-Prefix.pch"; sourceTree = "<group>"; };
		FAF01F7C156474890018FB18 /* T5AppDelegate.h */ = {isa = PBXFileReference; lastKnownFileType = sourcecode.c.h; path = T5AppDelegate.h; sourceTree = "<group>"; };
		FAF01F7D156474890018FB18 /* T5AppDelegate.m */ = {isa = PBXFileReference; lastKnownFileType = sourcecode.c.objc; path = T5AppDelegate.m; sourceTree = "<group>"; };
		FAF01F7F156474890018FB18 /* T5ViewController.h */ = {isa = PBXFileReference; lastKnownFileType = sourcecode.c.h; path = T5ViewController.h; sourceTree = "<group>"; };
		FAF01F80156474890018FB18 /* T5ViewController.m */ = {isa = PBXFileReference; lastKnownFileType = sourcecode.c.objc; path = T5ViewController.m; sourceTree = "<group>"; };
		FAF01F83156474890018FB18 /* en */ = {isa = PBXFileReference; lastKnownFileType = file.xib; name = en; path = en.lproj/T5ViewController.xib; sourceTree = "<group>"; };
		FAF01F8E1564749F0018FB18 /* Notes */ = {isa = PBXFileReference; fileEncoding = 4; lastKnownFileType = text; path = Notes; sourceTree = "<group>"; };
		FAF01F9A156474B10018FB18 /* TravellerLogo.jpg */ = {isa = PBXFileReference; lastKnownFileType = image.jpeg; path = TravellerLogo.jpg; sourceTree = "<group>"; };
		FAF01FA5156475550018FB18 /* CoreLocation.framework */ = {isa = PBXFileReference; lastKnownFileType = wrapper.framework; name = CoreLocation.framework; path = System/Library/Frameworks/CoreLocation.framework; sourceTree = SDKROOT; };
		FAF01FA71564755B0018FB18 /* MapKit.framework */ = {isa = PBXFileReference; lastKnownFileType = wrapper.framework; name = MapKit.framework; path = System/Library/Frameworks/MapKit.framework; sourceTree = SDKROOT; };
		FAF01FAC15647A020018FB18 /* MessageUI.framework */ = {isa = PBXFileReference; lastKnownFileType = wrapper.framework; name = MessageUI.framework; path = System/Library/Frameworks/MessageUI.framework; sourceTree = SDKROOT; };
		FAF01FAE15647EB80018FB18 /* T5InfoViewController.h */ = {isa = PBXFileReference; fileEncoding = 4; lastKnownFileType = sourcecode.c.h; path = T5InfoViewController.h; sourceTree = "<group>"; };
		FAF01FAF15647EB80018FB18 /* T5InfoViewController.m */ = {isa = PBXFileReference; fileEncoding = 4; lastKnownFileType = sourcecode.c.objc; path = T5InfoViewController.m; sourceTree = "<group>"; };
		FAF01FB015647EB80018FB18 /* T5InfoViewController.xib */ = {isa = PBXFileReference; fileEncoding = 4; lastKnownFileType = file.xib; path = T5InfoViewController.xib; sourceTree = "<group>"; };
		FAF01FC31564997B0018FB18 /* T5WebViewController.h */ = {isa = PBXFileReference; fileEncoding = 4; lastKnownFileType = sourcecode.c.h; path = T5WebViewController.h; sourceTree = "<group>"; };
		FAF01FC41564997B0018FB18 /* T5WebViewController.m */ = {isa = PBXFileReference; fileEncoding = 4; lastKnownFileType = sourcecode.c.objc; path = T5WebViewController.m; sourceTree = "<group>"; };
		FAF01FC51564997C0018FB18 /* T5WebViewController.xib */ = {isa = PBXFileReference; fileEncoding = 4; lastKnownFileType = file.xib; path = T5WebViewController.xib; sourceTree = "<group>"; };
/* End PBXFileReference section */

/* Begin PBXFrameworksBuildPhase section */
		68EE1A9D1565B6FF00CAEAFA /* Frameworks */ = {
			isa = PBXFrameworksBuildPhase;
			buildActionMask = 2147483647;
			files = (
				68CC86241565BB1E009C9142 /* libxml2.dylib in Frameworks */,
				68CC86291565BD2D009C9142 /* MessageUI.framework in Frameworks */,
				68CC862A1565BD45009C9142 /* MapKit.framework in Frameworks */,
				68CC862B1565BD61009C9142 /* CoreLocation.framework in Frameworks */,
				68EE1AA41565B6FF00CAEAFA /* UIKit.framework in Frameworks */,
				68EE1AA51565B6FF00CAEAFA /* Foundation.framework in Frameworks */,
				68CC862C1565BD75009C9142 /* CoreGraphics.framework in Frameworks */,
				68EE1AA31565B6FF00CAEAFA /* SenTestingKit.framework in Frameworks */,
			);
			runOnlyForDeploymentPostprocessing = 0;
		};
		FAF01F66156474890018FB18 /* Frameworks */ = {
			isa = PBXFrameworksBuildPhase;
			buildActionMask = 2147483647;
			files = (
				68EE1A661564A55700CAEAFA /* libxml2.dylib in Frameworks */,
				FAF01FAD15647A020018FB18 /* MessageUI.framework in Frameworks */,
				FAF01FA81564755B0018FB18 /* MapKit.framework in Frameworks */,
				FAF01FA6156475550018FB18 /* CoreLocation.framework in Frameworks */,
				FAF01F6E156474890018FB18 /* UIKit.framework in Frameworks */,
				FAF01F70156474890018FB18 /* Foundation.framework in Frameworks */,
				FAF01F72156474890018FB18 /* CoreGraphics.framework in Frameworks */,
			);
			runOnlyForDeploymentPostprocessing = 0;
		};
/* End PBXFrameworksBuildPhase section */

/* Begin PBXGroup section */
		682138931565CC97004172E8 /* Settings View */ = {
			isa = PBXGroup;
			children = (
				FA0A80201565B37F00EAB2EC /* T5SettingsViewController.h */,
				FA0A80211565B37F00EAB2EC /* T5SettingsViewController.m */,
				FA0A80221565B37F00EAB2EC /* T5SettingsViewController.xib */,
			);
			name = "Settings View";
			sourceTree = "<group>";
		};
		682138981565E579004172E8 /* RouteData */ = {
			isa = PBXGroup;
			children = (
				FA0A801315658E2400EAB2EC /* route.csv */,
			);
			name = RouteData;
			path = ..;
			sourceTree = "<group>";
		};
		68EE1A5915649F6800CAEAFA /* Main View */ = {
			isa = PBXGroup;
			children = (
				FAF01F7F156474890018FB18 /* T5ViewController.h */,
				FAF01F80156474890018FB18 /* T5ViewController.m */,
				FAF01F82156474890018FB18 /* T5ViewController.xib */,
				FA0A7FFE156557FA00EAB2EC /* T5SimpleAnnotation.h */,
				FA0A7FFF156557FA00EAB2EC /* T5SimpleAnnotation.m */,
			);
			name = "Main View";
			sourceTree = "<group>";
		};
		68EE1A5B15649F7D00CAEAFA /* Info View */ = {
			isa = PBXGroup;
			children = (
				FAF01FAE15647EB80018FB18 /* T5InfoViewController.h */,
				FAF01FAF15647EB80018FB18 /* T5InfoViewController.m */,
				FAF01FB015647EB80018FB18 /* T5InfoViewController.xib */,
			);
			name = "Info View";
			sourceTree = "<group>";
		};
		68EE1A5C15649F8300CAEAFA /* Web View */ = {
			isa = PBXGroup;
			children = (
				FAF01FC31564997B0018FB18 /* T5WebViewController.h */,
				FAF01FC41564997B0018FB18 /* T5WebViewController.m */,
				FAF01FC51564997C0018FB18 /* T5WebViewController.xib */,
			);
			name = "Web View";
			sourceTree = "<group>";
		};
		68EE1A601564A2F800CAEAFA /* GPS Query */ = {
			isa = PBXGroup;
			children = (
				68EE1A5D1564A2F400CAEAFA /* T5GPSquery.h */,
				68EE1A5E1564A2F400CAEAFA /* T5GPSquery.m */,
				68EE1A611564A4A400CAEAFA /* XPathQuery.h */,
				68EE1A621564A4A400CAEAFA /* XPathQuery.m */,
			);
			name = "GPS Query";
			sourceTree = "<group>";
		};
		68EE1AA61565B6FF00CAEAFA /* TestTraveller5 */ = {
			isa = PBXGroup;
			children = (
				68EE1AAC1565B6FF00CAEAFA /* TestTraveller5.h */,
				68EE1AAD1565B6FF00CAEAFA /* TestTraveller5.m */,
				68EE1AA71565B6FF00CAEAFA /* Supporting Files */,
			);
			path = TestTraveller5;
			sourceTree = "<group>";
		};
		68EE1AA71565B6FF00CAEAFA /* Supporting Files */ = {
			isa = PBXGroup;
			children = (
				68EE1AA81565B6FF00CAEAFA /* TestTraveller5-Info.plist */,
				68EE1AA91565B6FF00CAEAFA /* InfoPlist.strings */,
				68EE1AAF1565B6FF00CAEAFA /* TestTraveller5-Prefix.pch */,
			);
			name = "Supporting Files";
			sourceTree = "<group>";
		};
		FA0A80191565933A00EAB2EC /* Resources */ = {
			isa = PBXGroup;
			children = (
				FAF01F8E1564749F0018FB18 /* Notes */,
				68EE1A6B15654F6E00CAEAFA /* StationGPSLocations.txt */,
				682138981565E579004172E8 /* RouteData */,
			);
			name = Resources;
			sourceTree = "<group>";
		};
		FAF01F5E156474890018FB18 = {
			isa = PBXGroup;
			children = (
				FAF01F73156474890018FB18 /* Traveller5 */,
				68EE1AA61565B6FF00CAEAFA /* TestTraveller5 */,
				FAF01F6C156474890018FB18 /* Frameworks */,
				FAF01F6A156474890018FB18 /* Products */,
			);
			sourceTree = "<group>";
		};
		FAF01F6A156474890018FB18 /* Products */ = {
			isa = PBXGroup;
			children = (
				FAF01F69156474890018FB18 /* Traveller5.app */,
				68EE1AA11565B6FF00CAEAFA /* TestTraveller5.octest */,
			);
			name = Products;
			sourceTree = "<group>";
		};
		FAF01F6C156474890018FB18 /* Frameworks */ = {
			isa = PBXGroup;
			children = (
				68EE1A651564A55700CAEAFA /* libxml2.dylib */,
				FAF01FAC15647A020018FB18 /* MessageUI.framework */,
				FAF01FA5156475550018FB18 /* CoreLocation.framework */,
				FAF01FA71564755B0018FB18 /* MapKit.framework */,
				FAF01F6D156474890018FB18 /* UIKit.framework */,
				FAF01F6F156474890018FB18 /* Foundation.framework */,
				FAF01F71156474890018FB18 /* CoreGraphics.framework */,
				68EE1AA21565B6FF00CAEAFA /* SenTestingKit.framework */,
			);
			name = Frameworks;
			sourceTree = "<group>";
		};
		FAF01F73156474890018FB18 /* Traveller5 */ = {
			isa = PBXGroup;
			children = (
				FAF01F7C156474890018FB18 /* T5AppDelegate.h */,
				FAF01F7D156474890018FB18 /* T5AppDelegate.m */,
				68EE1A5915649F6800CAEAFA /* Main View */,
				682138931565CC97004172E8 /* Settings View */,
				68EE1A5B15649F7D00CAEAFA /* Info View */,
				68EE1A5C15649F8300CAEAFA /* Web View */,
				68EE1A601564A2F800CAEAFA /* GPS Query */,
				FA0A80191565933A00EAB2EC /* Resources */,
				FAF01F90156474B10018FB18 /* Traveller Files */,
				FAF01F74156474890018FB18 /* Supporting Files */,
			);
			path = Traveller5;
			sourceTree = "<group>";
		};
		FAF01F74156474890018FB18 /* Supporting Files */ = {
			isa = PBXGroup;
			children = (
				FAF01F75156474890018FB18 /* Traveller5-Info.plist */,
				FAF01F76156474890018FB18 /* InfoPlist.strings */,
				FAF01F79156474890018FB18 /* main.m */,
				FAF01F7B156474890018FB18 /* Traveller5-Prefix.pch */,
			);
			name = "Supporting Files";
			sourceTree = "<group>";
		};
		FAF01F90156474B10018FB18 /* Traveller Files */ = {
			isa = PBXGroup;
			children = (
				FA0A80331565CB0800EAB2EC /* Refresh.png */,
				FA0A800615655FB100EAB2EC /* horse_icon.png */,
				FA0A8002156559CE00EAB2EC /* BusOrig.png */,
				FA0A7FF2156548DD00EAB2EC /* target.png */,
				FAF01F9A156474B10018FB18 /* TravellerLogo.jpg */,
			);
			path = "Traveller Files";
			sourceTree = "<group>";
		};
/* End PBXGroup section */

/* Begin PBXNativeTarget section */
		68EE1AA01565B6FF00CAEAFA /* TestTraveller5 */ = {
			isa = PBXNativeTarget;
			buildConfigurationList = 68EE1AB01565B6FF00CAEAFA /* Build configuration list for PBXNativeTarget "TestTraveller5" */;
			buildPhases = (
				68EE1A9C1565B6FF00CAEAFA /* Sources */,
				68EE1A9D1565B6FF00CAEAFA /* Frameworks */,
				68EE1A9E1565B6FF00CAEAFA /* Resources */,
				68EE1A9F1565B6FF00CAEAFA /* ShellScript */,
			);
			buildRules = (
			);
			dependencies = (
			);
			name = TestTraveller5;
			productName = TestTraveller5;
			productReference = 68EE1AA11565B6FF00CAEAFA /* TestTraveller5.octest */;
			productType = "com.apple.product-type.bundle";
		};
		FAF01F68156474890018FB18 /* Traveller5 */ = {
			isa = PBXNativeTarget;
			buildConfigurationList = FAF01F87156474890018FB18 /* Build configuration list for PBXNativeTarget "Traveller5" */;
			buildPhases = (
				FAF01F65156474890018FB18 /* Sources */,
				FAF01F66156474890018FB18 /* Frameworks */,
				FAF01F67156474890018FB18 /* Resources */,
			);
			buildRules = (
			);
			dependencies = (
			);
			name = Traveller5;
			productName = Traveller5;
			productReference = FAF01F69156474890018FB18 /* Traveller5.app */;
			productType = "com.apple.product-type.application";
		};
/* End PBXNativeTarget section */

/* Begin PBXProject section */
		FAF01F60156474890018FB18 /* Project object */ = {
			isa = PBXProject;
			attributes = {
				CLASSPREFIX = T5;
				LastUpgradeCheck = 0430;
			};
			buildConfigurationList = FAF01F63156474890018FB18 /* Build configuration list for PBXProject "Traveller5" */;
			compatibilityVersion = "Xcode 3.2";
			developmentRegion = English;
			hasScannedForEncodings = 0;
			knownRegions = (
				en,
			);
			mainGroup = FAF01F5E156474890018FB18;
			productRefGroup = FAF01F6A156474890018FB18 /* Products */;
			projectDirPath = "";
			projectRoot = "";
			targets = (
				FAF01F68156474890018FB18 /* Traveller5 */,
				68EE1AA01565B6FF00CAEAFA /* TestTraveller5 */,
			);
		};
/* End PBXProject section */

/* Begin PBXResourcesBuildPhase section */
		68EE1A9E1565B6FF00CAEAFA /* Resources */ = {
			isa = PBXResourcesBuildPhase;
			buildActionMask = 2147483647;
			files = (
				68CC86301565BF1F009C9142 /* T5ViewController.xib in Resources */,
				68CC86311565BF1F009C9142 /* T5InfoViewController.xib in Resources */,
				68CC86321565BF1F009C9142 /* T5WebViewController.xib in Resources */,
				68CC86331565BF1F009C9142 /* route.csv in Resources */,
				68CC86341565BF1F009C9142 /* horse_icon.png in Resources */,
				68CC86351565BF1F009C9142 /* BusOrig.png in Resources */,
				68CC86361565BF1F009C9142 /* target.png in Resources */,
				68CC86371565BF1F009C9142 /* TravellerLogo.jpg in Resources */,
				68CC86391565BF1F009C9142 /* InfoPlist.strings in Resources */,
			);
			runOnlyForDeploymentPostprocessing = 0;
		};
		FAF01F67156474890018FB18 /* Resources */ = {
			isa = PBXResourcesBuildPhase;
			buildActionMask = 2147483647;
			files = (
				FAF01F78156474890018FB18 /* InfoPlist.strings in Resources */,
				FAF01F84156474890018FB18 /* T5ViewController.xib in Resources */,
				FAF01F8F1564749F0018FB18 /* Notes in Resources */,
				FAF01FA4156474B10018FB18 /* TravellerLogo.jpg in Resources */,
				FAF01FB215647EB80018FB18 /* T5InfoViewController.xib in Resources */,
				FAF01FC71564997C0018FB18 /* T5WebViewController.xib in Resources */,
				FA0A7FF3156548DE00EAB2EC /* target.png in Resources */,
				FA0A8003156559CE00EAB2EC /* BusOrig.png in Resources */,
				FA0A800715655FB100EAB2EC /* horse_icon.png in Resources */,
				FA0A801415658E2500EAB2EC /* route.csv in Resources */,
				FA0A80241565B38000EAB2EC /* T5SettingsViewController.xib in Resources */,
				FA0A80341565CB0800EAB2EC /* Refresh.png in Resources */,
			);
			runOnlyForDeploymentPostprocessing = 0;
		};
/* End PBXResourcesBuildPhase section */

/* Begin PBXShellScriptBuildPhase section */
		68EE1A9F1565B6FF00CAEAFA /* ShellScript */ = {
			isa = PBXShellScriptBuildPhase;
			buildActionMask = 2147483647;
			files = (
			);
			inputPaths = (
			);
			outputPaths = (
			);
			runOnlyForDeploymentPostprocessing = 0;
			shellPath = /bin/sh;
			shellScript = "# Run the unit tests in this test bundle.\n\"${SYSTEM_DEVELOPER_DIR}/Tools/RunUnitTests\"\n";
		};
/* End PBXShellScriptBuildPhase section */

/* Begin PBXSourcesBuildPhase section */
		68EE1A9C1565B6FF00CAEAFA /* Sources */ = {
			isa = PBXSourcesBuildPhase;
			buildActionMask = 2147483647;
			files = (
				682138951565CCCF004172E8 /* T5SettingsViewController.m in Sources */,
				68CC862D1565BE05009C9142 /* T5SimpleAnnotation.m in Sources */,
				68CC862E1565BE05009C9142 /* T5InfoViewController.m in Sources */,
				68CC862F1565BE05009C9142 /* T5WebViewController.m in Sources */,
				68CC86231565BAD4009C9142 /* XPathQuery.m in Sources */,
				68CC86221565BAA1009C9142 /* T5ViewController.m in Sources */,
				68CC86201565BA8C009C9142 /* T5GPSquery.m in Sources */,
				68EE1AAE1565B6FF00CAEAFA /* TestTraveller5.m in Sources */,
			);
			runOnlyForDeploymentPostprocessing = 0;
		};
		FAF01F65156474890018FB18 /* Sources */ = {
			isa = PBXSourcesBuildPhase;
			buildActionMask = 2147483647;
			files = (
				FAF01F7A156474890018FB18 /* main.m in Sources */,
				FAF01F7E156474890018FB18 /* T5AppDelegate.m in Sources */,
				FAF01F81156474890018FB18 /* T5ViewController.m in Sources */,
				FAF01FB115647EB80018FB18 /* T5InfoViewController.m in Sources */,
				FAF01FC61564997C0018FB18 /* T5WebViewController.m in Sources */,
				68EE1A5F1564A2F400CAEAFA /* T5GPSquery.m in Sources */,
				68EE1A631564A4A400CAEAFA /* XPathQuery.m in Sources */,
				FA0A8000156557FA00EAB2EC /* T5SimpleAnnotation.m in Sources */,
				FA0A80231565B38000EAB2EC /* T5SettingsViewController.m in Sources */,
			);
			runOnlyForDeploymentPostprocessing = 0;
		};
/* End PBXSourcesBuildPhase section */

/* Begin PBXVariantGroup section */
		68EE1AA91565B6FF00CAEAFA /* InfoPlist.strings */ = {
			isa = PBXVariantGroup;
			children = (
				68EE1AAA1565B6FF00CAEAFA /* en */,
			);
			name = InfoPlist.strings;
			sourceTree = "<group>";
		};
		FAF01F76156474890018FB18 /* InfoPlist.strings */ = {
			isa = PBXVariantGroup;
			children = (
				FAF01F77156474890018FB18 /* en */,
			);
			name = InfoPlist.strings;
			sourceTree = "<group>";
		};
		FAF01F82156474890018FB18 /* T5ViewController.xib */ = {
			isa = PBXVariantGroup;
			children = (
				FAF01F83156474890018FB18 /* en */,
			);
			name = T5ViewController.xib;
			sourceTree = "<group>";
		};
/* End PBXVariantGroup section */

/* Begin XCBuildConfiguration section */
		68EE1AB11565B6FF00CAEAFA /* Debug */ = {
			isa = XCBuildConfiguration;
			buildSettings = {
				FRAMEWORK_SEARCH_PATHS = (
					"$(SDKROOT)/Developer/Library/Frameworks",
					"$(DEVELOPER_LIBRARY_DIR)/Frameworks",
				);
				GCC_PRECOMPILE_PREFIX_HEADER = YES;
				GCC_PREFIX_HEADER = "TestTraveller5/TestTraveller5-Prefix.pch";
				HEADER_SEARCH_PATHS = "${SDKROOT}/usr/include/libxml2/**";
				INFOPLIST_FILE = "TestTraveller5/TestTraveller5-Info.plist";
				OTHER_LDFLAGS = "-lxml2";
				PRODUCT_NAME = "$(TARGET_NAME)";
				WRAPPER_EXTENSION = octest;
			};
			name = Debug;
		};
		68EE1AB21565B6FF00CAEAFA /* Release */ = {
			isa = XCBuildConfiguration;
			buildSettings = {
				FRAMEWORK_SEARCH_PATHS = (
					"$(SDKROOT)/Developer/Library/Frameworks",
					"$(DEVELOPER_LIBRARY_DIR)/Frameworks",
				);
				GCC_PRECOMPILE_PREFIX_HEADER = YES;
				GCC_PREFIX_HEADER = "TestTraveller5/TestTraveller5-Prefix.pch";
				HEADER_SEARCH_PATHS = "${SDKROOT}/usr/include/libxml2/**";
				INFOPLIST_FILE = "TestTraveller5/TestTraveller5-Info.plist";
				OTHER_LDFLAGS = "-lxml2";
				PRODUCT_NAME = "$(TARGET_NAME)";
				WRAPPER_EXTENSION = octest;
			};
			name = Release;
		};
		FAF01F85156474890018FB18 /* Debug */ = {
			isa = XCBuildConfiguration;
			buildSettings = {
				ALWAYS_SEARCH_USER_PATHS = NO;
				ARCHS = "$(ARCHS_STANDARD_32_BIT)";
				CLANG_ENABLE_OBJC_ARC = YES;
				"CODE_SIGN_IDENTITY[sdk=iphoneos*]" = "iPhone Developer";
				COPY_PHASE_STRIP = NO;
				GCC_C_LANGUAGE_STANDARD = gnu99;
				GCC_DYNAMIC_NO_PIC = NO;
				GCC_OPTIMIZATION_LEVEL = 0;
				GCC_PREPROCESSOR_DEFINITIONS = (
					"DEBUG=1",
					"$(inherited)",
				);
				GCC_SYMBOLS_PRIVATE_EXTERN = NO;
				GCC_VERSION = com.apple.compilers.llvm.clang.1_0;
				GCC_WARN_ABOUT_RETURN_TYPE = YES;
				GCC_WARN_UNINITIALIZED_AUTOS = YES;
				GCC_WARN_UNUSED_VARIABLE = YES;
				IPHONEOS_DEPLOYMENT_TARGET = 5.1;
				SDKROOT = iphoneos;
			};
			name = Debug;
		};
		FAF01F86156474890018FB18 /* Release */ = {
			isa = XCBuildConfiguration;
			buildSettings = {
				ALWAYS_SEARCH_USER_PATHS = NO;
				ARCHS = "$(ARCHS_STANDARD_32_BIT)";
				CLANG_ENABLE_OBJC_ARC = YES;
				"CODE_SIGN_IDENTITY[sdk=iphoneos*]" = "iPhone Developer";
				COPY_PHASE_STRIP = YES;
				GCC_C_LANGUAGE_STANDARD = gnu99;
				GCC_VERSION = com.apple.compilers.llvm.clang.1_0;
				GCC_WARN_ABOUT_RETURN_TYPE = YES;
				GCC_WARN_UNINITIALIZED_AUTOS = YES;
				GCC_WARN_UNUSED_VARIABLE = YES;
				IPHONEOS_DEPLOYMENT_TARGET = 5.1;
				OTHER_CFLAGS = "-DNS_BLOCK_ASSERTIONS=1";
				SDKROOT = iphoneos;
				VALIDATE_PRODUCT = YES;
			};
			name = Release;
		};
		FAF01F88156474890018FB18 /* Debug */ = {
			isa = XCBuildConfiguration;
			buildSettings = {
				GCC_PRECOMPILE_PREFIX_HEADER = YES;
				GCC_PREFIX_HEADER = "Traveller5/Traveller5-Prefix.pch";
				HEADER_SEARCH_PATHS = "${SDKROOT}/usr/include/libxml2/**";
				INFOPLIST_FILE = "Traveller5/Traveller5-Info.plist";
				OTHER_LDFLAGS = "-lxml2";
				PRODUCT_NAME = "$(TARGET_NAME)";
				WRAPPER_EXTENSION = app;
			};
			name = Debug;
		};
		FAF01F89156474890018FB18 /* Release */ = {
			isa = XCBuildConfiguration;
			buildSettings = {
				GCC_PRECOMPILE_PREFIX_HEADER = YES;
				GCC_PREFIX_HEADER = "Traveller5/Traveller5-Prefix.pch";
				HEADER_SEARCH_PATHS = "${SDKROOT}/usr/include/libxml2/**";
				INFOPLIST_FILE = "Traveller5/Traveller5-Info.plist";
				OTHER_LDFLAGS = "-lxml2";
				PRODUCT_NAME = "$(TARGET_NAME)";
				WRAPPER_EXTENSION = app;
			};
			name = Release;
		};
/* End XCBuildConfiguration section */

/* Begin XCConfigurationList section */
		68EE1AB01565B6FF00CAEAFA /* Build configuration list for PBXNativeTarget "TestTraveller5" */ = {
			isa = XCConfigurationList;
			buildConfigurations = (
				68EE1AB11565B6FF00CAEAFA /* Debug */,
				68EE1AB21565B6FF00CAEAFA /* Release */,
			);
			defaultConfigurationIsVisible = 0;
			defaultConfigurationName = Release;
		};
		FAF01F63156474890018FB18 /* Build configuration list for PBXProject "Traveller5" */ = {
			isa = XCConfigurationList;
			buildConfigurations = (
				FAF01F85156474890018FB18 /* Debug */,
				FAF01F86156474890018FB18 /* Release */,
			);
			defaultConfigurationIsVisible = 0;
			defaultConfigurationName = Release;
		};
		FAF01F87156474890018FB18 /* Build configuration list for PBXNativeTarget "Traveller5" */ = {
			isa = XCConfigurationList;
			buildConfigurations = (
				FAF01F88156474890018FB18 /* Debug */,
				FAF01F89156474890018FB18 /* Release */,
			);
			defaultConfigurationIsVisible = 0;
			defaultConfigurationName = Release;
		};
/* End XCConfigurationList section */
	};
	rootObject = FAF01F60156474890018FB18 /* Project object */;
}
